
Microsoft Visual Studio Solution File, Format Version 12.00
# Visual Studio Version 16
VisualStudioVersion = 16.0.29613.14
MinimumVisualStudioVersion = 10.0.40219.1
Project("{FAE04EC0-301F-11D3-BF4B-00C04F79EFBC}") = "TicTacToeAI", "TicTacToeAI\TicTacToeAI.csproj", "{D111DBC3-0B19-4EF9-A3C0-98D4DB649152}"
EndProject
Global
	GlobalSection(SolutionConfigurationPlatforms) = preSolution
		Debug|Any CPU = Debug|Any CPU
		Release|Any CPU = Release|Any CPU
	EndGlobalSection
	GlobalSection(ProjectConfigurationPlatforms) = postSolution
		{D111DBC3-0B19-4EF9-A3C0-98D4DB649152}.Debug|Any CPU.ActiveCfg = Debug|Any CPU
		{D111DBC3-0B19-4EF9-A3C0-98D4DB649152}.Debug|Any CPU.Build.0 = Debug|Any CPU
		{D111DBC3-0B19-4EF9-A3C0-98D4DB649152}.Release|Any CPU.ActiveCfg = Release|Any CPU
		{D111DBC3-0B19-4EF9-A3C0-98D4DB649152}.Release|Any CPU.Build.0 = Release|Any CPU
	EndGlobalSection
	GlobalSection(SolutionProperties) = preSolution
		HideSolutionNode = FALSE
	EndGlobalSection
	GlobalSection(ExtensibilityGlobals) = postSolution
		SolutionGuid = {4BBDD943-B61A-491A-B5C2-636A8A9A9EA2}
	EndGlobalSection
EndGlobal
